
Microsoft Visual Studio Solution File, Format Version 12.00
# Visual Studio Version 17
VisualStudioVersion = 17.0.32505.173
MinimumVisualStudioVersion = 10.0.40217
Project("{2150E333-8FDC-42A3-9474-1A3956D46DE8}") = "src", "src", "{A0000000-0000-0000-0000-000000000001}"
EndProject
Project("{2150E333-8FDC-42A3-9474-1A3956D46DE8}") = "tests", "tests", "{A0000000-0000-0000-0000-000000000002}"
EndProject
Project("{9A19103F-16F7-4668-BE54-9A1E7A4F7556}") = "InvoiceFlowAI.Domain", "src\InvoiceFlowAI.Domain\InvoiceFlowAI.Domain.csproj", "{A0000000-0000-0000-0000-000000000010}"
EndProject
Project("{9A19103F-16F7-4668-BE54-9A1E7A4F7556}") = "InvoiceFlowAI.Contracts", "src\InvoiceFlowAI.Contracts\InvoiceFlowAI.Contracts.csproj", "{A0000000-0000-0000-0000-000000000011}"
EndProject
Project("{9A19103F-16F7-4668-BE54-9A1E7A4F7556}") = "InvoiceFlowAI.Application", "src\InvoiceFlowAI.Application\InvoiceFlowAI.Application.csproj", "{A0000000-0000-0000-0000-000000000012}"
EndProject
Project("{9A19103F-16F7-4668-BE54-9A1E7A4F7556}") = "InvoiceFlowAI.Infrastructure", "src\InvoiceFlowAI.Infrastructure\InvoiceFlowAI.Infrastructure.csproj", "{A0000000-0000-0000-0000-000000000013}"
EndProject
Project("{9A19103F-16F7-4668-BE54-9A1E7A4F7556}") = "InvoiceFlowAI.App", "src\InvoiceFlowAI.App\InvoiceFlowAI.App.csproj", "{A0000000-0000-0000-0000-000000000014}"
EndProject
Project("{CAA2C24F-D7B1-49C6-A94E-39A8B5E5E1E5}") = "InvoiceFlowAI.Installer", "src\InvoiceFlowAI.Installer\InvoiceFlowAI.Installer.wixproj", "{A0000000-0000-0000-0000-000000000015}"
EndProject
Project("{9A19103F-16F7-4668-BE54-9A1E7A4F7556}") = "InvoiceFlowAI.Domain.Tests", "tests\InvoiceFlowAI.Domain.Tests\InvoiceFlowAI.Domain.Tests.csproj", "{A0000000-0000-0000-0000-000000000020}"
EndProject
Project("{9A19103F-16F7-4668-BE54-9A1E7A4F7556}") = "InvoiceFlowAI.Application.Tests", "tests\InvoiceFlowAI.Application.Tests\InvoiceFlowAI.Application.Tests.csproj", "{A0000000-0000-0000-0000-000000000021}"
EndProject
Project("{9A19103F-16F7-4668-BE54-9A1E7A4F7556}") = "InvoiceFlowAI.Infrastructure.Tests", "tests\InvoiceFlowAI.Infrastructure.Tests\InvoiceFlowAI.Infrastructure.Tests.csproj", "{A0000000-0000-0000-0000-000000000022}"
EndProject
Project("{9A19103F-16F7-4668-BE54-9A1E7A4F7556}") = "InvoiceFlowAI.App.Tests", "tests\InvoiceFlowAI.App.Tests\InvoiceFlowAI.App.Tests.csproj", "{A0000000-0000-0000-0000-000000000023}"
EndProject
Project("{9A19103F-16F7-4668-BE54-9A1E7A4F7556}") = "InvoiceFlowAI.Contracts.Tests", "tests\InvoiceFlowAI.Contracts.Tests\InvoiceFlowAI.Contracts.Tests.csproj", "{A0000000-0000-0000-0000-000000000024}"
EndProject
Project("{FAE04EC0-301F-11D3-BF4B-00C04F79EFBC}") = "InvoiceFlowAI.UrlRecovery.Worker.Tests", "tests\InvoiceFlowAI.UrlRecovery.Worker.Tests\InvoiceFlowAI.UrlRecovery.Worker.Tests.csproj", "{860259C7-33E0-4910-B7F0-415524F5A51C}"
EndProject
Project("{FAE04EC0-301F-11D3-BF4B-00C04F79EFBC}") = "InvoiceFlowAI.UrlRecovery.Worker", "src\InvoiceFlowAI.UrlRecovery.Worker\InvoiceFlowAI.UrlRecovery.Worker.csproj", "{5C7BA179-4620-49E5-B76F-4FE2537F899D}"
EndProject
Project("{FAE04EC0-301F-11D3-BF4B-00C04F79EFBC}") = "InvoiceFlowAI.UrlRecovery.WorkerProcessFixture", "tests\InvoiceFlowAI.UrlRecovery.WorkerProcessFixture\InvoiceFlowAI.UrlRecovery.WorkerProcessFixture.csproj", "{2C337AD2-9E15-4E57-BF62-15CD4E33614E}"
EndProject
Global
	GlobalSection(SolutionConfigurationPlatforms) = preSolution
		Debug|x64 = Debug|x64
		Debug|Any CPU = Debug|Any CPU
		Debug|x86 = Debug|x86
		Release|x64 = Release|x64
		Release|Any CPU = Release|Any CPU
		Release|x86 = Release|x86
	EndGlobalSection
	GlobalSection(ProjectConfigurationPlatforms) = postSolution
		{A0000000-0000-0000-0000-000000000010}.Debug|x64.ActiveCfg = Debug|Any CPU
		{A0000000-0000-0000-0000-000000000010}.Debug|x64.Build.0 = Debug|Any CPU
		{A0000000-0000-0000-0000-000000000010}.Debug|Any CPU.ActiveCfg = Debug|Any CPU
		{A0000000-0000-0000-0000-000000000010}.Debug|Any CPU.Build.0 = Debug|Any CPU
		{A0000000-0000-0000-0000-000000000010}.Debug|x86.ActiveCfg = Debug|Any CPU
		{A0000000-0000-0000-0000-000000000010}.Debug|x86.Build.0 = Debug|Any CPU
		{A0000000-0000-0000-0000-000000000010}.Release|x64.ActiveCfg = Release|Any CPU
		{A0000000-0000-0000-0000-000000000010}.Release|x64.Build.0 = Release|Any CPU
		{A0000000-0000-0000-0000-000000000010}.Release|Any CPU.ActiveCfg = Release|Any CPU
		{A0000000-0000-0000-0000-000000000010}.Release|Any CPU.Build.0 = Release|Any CPU
		{A0000000-0000-0000-0000-000000000010}.Release|x86.ActiveCfg = Release|Any CPU
		{A0000000-0000-0000-0000-000000000010}.Release|x86.Build.0 = Release|Any CPU
		{A0000000-0000-0000-0000-000000000011}.Debug|x64.ActiveCfg = Debug|Any CPU
		{A0000000-0000-0000-0000-000000000011}.Debug|x64.Build.0 = Debug|Any CPU
		{A0000000-0000-0000-0000-000000000011}.Debug|Any CPU.ActiveCfg = Debug|Any CPU
		{A0000000-0000-0000-0000-000000000011}.Debug|Any CPU.Build.0 = Debug|Any CPU
		{A0000000-0000-0000-0000-000000000011}.Debug|x86.ActiveCfg = Debug|Any CPU
		{A0000000-0000-0000-0000-000000000011}.Debug|x86.Build.0 = Debug|Any CPU
		{A0000000-0000-0000-0000-000000000011}.Release|x64.ActiveCfg = Release|Any CPU
		{A0000000-0000-0000-0000-000000000011}.Release|x64.Build.0 = Release|Any CPU
		{A0000000-0000-0000-0000-000000000011}.Release|Any CPU.ActiveCfg = Release|Any CPU
		{A0000000-0000-0000-0000-000000000011}.Release|Any CPU.Build.0 = Release|Any CPU
		{A0000000-0000-0000-0000-000000000011}.Release|x86.ActiveCfg = Release|Any CPU
		{A0000000-0000-0000-0000-000000000011}.Release|x86.Build.0 = Release|Any CPU
		{A0000000-0000-0000-0000-000000000012}.Debug|x64.ActiveCfg = Debug|Any CPU
		{A0000000-0000-0000-0000-000000000012}.Debug|x64.Build.0 = Debug|Any CPU
		{A0000000-0000-0000-0000-000000000012}.Debug|Any CPU.ActiveCfg = Debug|Any CPU
		{A0000000-0000-0000-0000-000000000012}.Debug|Any CPU.Build.0 = Debug|Any CPU
		{A0000000-0000-0000-0000-000000000012}.Debug|x86.ActiveCfg = Debug|Any CPU
		{A0000000-0000-0000-0000-000000000012}.Debug|x86.Build.0 = Debug|Any CPU
		{A0000000-0000-0000-0000-000000000012}.Release|x64.ActiveCfg = Release|Any CPU
		{A0000000-0000-0000-0000-000000000012}.Release|x64.Build.0 = Release|Any CPU
		{A0000000-0000-0000-0000-000000000012}.Release|Any CPU.ActiveCfg = Release|Any CPU
		{A0000000-0000-0000-0000-000000000012}.Release|Any CPU.Build.0 = Release|Any CPU
		{A0000000-0000-0000-0000-000000000012}.Release|x86.ActiveCfg = Release|Any CPU
		{A0000000-0000-0000-0000-000000000012}.Release|x86.Build.0 = Release|Any CPU
		{A0000000-0000-0000-0000-000000000013}.Debug|x64.ActiveCfg = Debug|Any CPU
		{A0000000-0000-0000-0000-000000000013}.Debug|x64.Build.0 = Debug|Any CPU
		{A0000000-0000-0000-0000-000000000013}.Debug|Any CPU.ActiveCfg = Debug|Any CPU
		{A0000000-0000-0000-0000-000000000013}.Debug|Any CPU.Build.0 = Debug|Any CPU
		{A0000000-0000-0000-0000-000000000013}.Debug|x86.ActiveCfg = Debug|Any CPU
		{A0000000-0000-0000-0000-000000000013}.Debug|x86.Build.0 = Debug|Any CPU
		{A0000000-0000-0000-0000-000000000013}.Release|x64.ActiveCfg = Release|Any CPU
		{A0000000-0000-0000-0000-000000000013}.Release|x64.Build.0 = Release|Any CPU
		{A0000000-0000-0000-0000-000000000013}.Release|Any CPU.ActiveCfg = Release|Any CPU
		{A0000000-0000-0000-0000-000000000013}.Release|Any CPU.Build.0 = Release|Any CPU
		{A0000000-0000-0000-0000-000000000013}.Release|x86.ActiveCfg = Release|Any CPU
		{A0000000-0000-0000-0000-000000000013}.Release|x86.Build.0 = Release|Any CPU
		{A0000000-0000-0000-0000-000000000014}.Debug|x64.ActiveCfg = Debug|x64
		{A0000000-0000-0000-0000-000000000014}.Debug|x64.Build.0 = Debug|x64
		{A0000000-0000-0000-0000-000000000014}.Debug|Any CPU.ActiveCfg = Debug|x64
		{A0000000-0000-0000-0000-000000000014}.Debug|Any CPU.Build.0 = Debug|x64
		{A0000000-0000-0000-0000-000000000014}.Debug|x86.ActiveCfg = Debug|Any CPU
		{A0000000-0000-0000-0000-000000000014}.Debug|x86.Build.0 = Debug|Any CPU
		{A0000000-0000-0000-0000-000000000014}.Release|x64.ActiveCfg = Release|x64
		{A0000000-0000-0000-0000-000000000014}.Release|x64.Build.0 = Release|x64
		{A0000000-0000-0000-0000-000000000014}.Release|Any CPU.ActiveCfg = Release|x64
		{A0000000-0000-0000-0000-000000000014}.Release|Any CPU.Build.0 = Release|x64
		{A0000000-0000-0000-0000-000000000014}.Release|x86.ActiveCfg = Release|Any CPU
		{A0000000-0000-0000-0000-000000000014}.Release|x86.Build.0 = Release|Any CPU
		{A0000000-0000-0000-0000-000000000015}.Debug|x64.ActiveCfg = Debug|x64
		{A0000000-0000-0000-0000-000000000015}.Debug|x64.Build.0 = Debug|x64
		{A0000000-0000-0000-0000-000000000015}.Debug|x86.ActiveCfg = Debug|x86
		{A0000000-0000-0000-0000-000000000015}.Debug|x86.Build.0 = Debug|x86
		{A0000000-0000-0000-0000-000000000015}.Release|x64.ActiveCfg = Release|x64
		{A0000000-0000-0000-0000-000000000015}.Release|x64.Build.0 = Release|x64
		{A0000000-0000-0000-0000-000000000015}.Release|x86.ActiveCfg = Release|x86
		{A0000000-0000-0000-0000-000000000015}.Release|x86.Build.0 = Release|x86
		{A0000000-0000-0000-0000-000000000020}.Debug|x64.ActiveCfg = Debug|Any CPU
		{A0000000-0000-0000-0000-000000000020}.Debug|x64.Build.0 = Debug|Any CPU
		{A0000000-0000-0000-0000-000000000020}.Debug|Any CPU.ActiveCfg = Debug|Any CPU
		{A0000000-0000-0000-0000-000000000020}.Debug|Any CPU.Build.0 = Debug|Any CPU
		{A0000000-0000-0000-0000-000000000020}.Debug|x86.ActiveCfg = Debug|Any CPU
		{A0000000-0000-0000-0000-000000000020}.Debug|x86.Build.0 = Debug|Any CPU
		{A0000000-0000-0000-0000-000000000020}.Release|x64.ActiveCfg = Release|Any CPU
		{A0000000-0000-0000-0000-000000000020}.Release|x64.Build.0 = Release|Any CPU
		{A0000000-0000-0000-0000-000000000020}.Release|Any CPU.ActiveCfg = Release|Any CPU
		{A0000000-0000-0000-0000-000000000020}.Release|Any CPU.Build.0 = Release|Any CPU
		{A0000000-0000-0000-0000-000000000020}.Release|x86.ActiveCfg = Release|Any CPU
		{A0000000-0000-0000-0000-000000000020}.Release|x86.Build.0 = Release|Any CPU
		{A0000000-0000-0000-0000-000000000021}.Debug|x64.ActiveCfg = Debug|Any CPU
		{A0000000-0000-0000-0000-000000000021}.Debug|x64.Build.0 = Debug|Any CPU
		{A0000000-0000-0000-0000-000000000021}.Debug|Any CPU.ActiveCfg = Debug|Any CPU
		{A0000000-0000-0000-0000-000000000021}.Debug|Any CPU.Build.0 = Debug|Any CPU
		{A0000000-0000-0000-0000-000000000021}.Debug|x86.ActiveCfg = Debug|Any CPU
		{A0000000-0000-0000-0000-000000000021}.Debug|x86.Build.0 = Debug|Any CPU
		{A0000000-0000-0000-0000-000000000021}.Release|x64.ActiveCfg = Release|Any CPU
		{A0000000-0000-0000-0000-000000000021}.Release|x64.Build.0 = Release|Any CPU
		{A0000000-0000-0000-0000-000000000021}.Release|Any CPU.ActiveCfg = Release|Any CPU
		{A0000000-0000-0000-0000-000000000021}.Release|Any CPU.Build.0 = Release|Any CPU
		{A0000000-0000-0000-0000-000000000021}.Release|x86.ActiveCfg = Release|Any CPU
		{A0000000-0000-0000-0000-000000000021}.Release|x86.Build.0 = Release|Any CPU
		{A0000000-0000-0000-0000-000000000022}.Debug|x64.ActiveCfg = Debug|Any CPU
		{A0000000-0000-0000-0000-000000000022}.Debug|x64.Build.0 = Debug|Any CPU
		{A0000000-0000-0000-0000-000000000022}.Debug|Any CPU.ActiveCfg = Debug|Any CPU
		{A0000000-0000-0000-0000-000000000022}.Debug|Any CPU.Build.0 = Debug|Any CPU
		{A0000000-0000-0000-0000-000000000022}.Debug|x86.ActiveCfg = Debug|Any CPU
		{A0000000-0000-0000-0000-000000000022}.Debug|x86.Build.0 = Debug|Any CPU
		{A0000000-0000-0000-0000-000000000022}.Release|x64.ActiveCfg = Release|Any CPU
		{A0000000-0000-0000-0000-000000000022}.Release|x64.Build.0 = Release|Any CPU
		{A0000000-0000-0000-0000-000000000022}.Release|Any CPU.ActiveCfg = Release|Any CPU
		{A0000000-0000-0000-0000-000000000022}.Release|Any CPU.Build.0 = Release|Any CPU
		{A0000000-0000-0000-0000-000000000022}.Release|x86.ActiveCfg = Release|Any CPU
		{A0000000-0000-0000-0000-000000000022}.Release|x86.Build.0 = Release|Any CPU
		{A0000000-0000-0000-0000-000000000023}.Debug|x64.ActiveCfg = Debug|x64
		{A0000000-0000-0000-0000-000000000023}.Debug|x64.Build.0 = Debug|x64
		{A0000000-0000-0000-0000-000000000023}.Debug|Any CPU.ActiveCfg = Debug|x64
		{A0000000-0000-0000-0000-000000000023}.Debug|Any CPU.Build.0 = Debug|x64
		{A0000000-0000-0000-0000-000000000023}.Debug|x86.ActiveCfg = Debug|Any CPU
		{A0000000-0000-0000-0000-000000000023}.Debug|x86.Build.0 = Debug|Any CPU
		{A0000000-0000-0000-0000-000000000023}.Release|x64.ActiveCfg = Release|x64
		{A0000000-0000-0000-0000-000000000023}.Release|x64.Build.0 = Release|x64
		{A0000000-0000-0000-0000-000000000023}.Release|Any CPU.ActiveCfg = Release|x64
		{A0000000-0000-0000-0000-000000000023}.Release|Any CPU.Build.0 = Release|x64
		{A0000000-0000-0000-0000-000000000023}.Release|x86.ActiveCfg = Release|Any CPU
		{A0000000-0000-0000-0000-000000000023}.Release|x86.Build.0 = Release|Any CPU
		{A0000000-0000-0000-0000-000000000024}.Debug|x64.ActiveCfg = Debug|Any CPU
		{A0000000-0000-0000-0000-000000000024}.Debug|x64.Build.0 = Debug|Any CPU
		{A0000000-0000-0000-0000-000000000024}.Debug|Any CPU.ActiveCfg = Debug|Any CPU
		{A0000000-0000-0000-0000-000000000024}.Debug|Any CPU.Build.0 = Debug|Any CPU
		{A0000000-0000-0000-0000-000000000024}.Debug|x86.ActiveCfg = Debug|Any CPU
		{A0000000-0000-0000-0000-000000000024}.Debug|x86.Build.0 = Debug|Any CPU
		{A0000000-0000-0000-0000-000000000024}.Release|x64.ActiveCfg = Release|Any CPU
		{A0000000-0000-0000-0000-000000000024}.Release|x64.Build.0 = Release|Any CPU
		{A0000000-0000-0000-0000-000000000024}.Release|Any CPU.ActiveCfg = Release|Any CPU
		{A0000000-0000-0000-0000-000000000024}.Release|Any CPU.Build.0 = Release|Any CPU
		{A0000000-0000-0000-0000-000000000024}.Release|x86.ActiveCfg = Release|Any CPU
		{A0000000-0000-0000-0000-000000000024}.Release|x86.Build.0 = Release|Any CPU
		{860259C7-33E0-4910-B7F0-415524F5A51C}.Debug|x64.ActiveCfg = Debug|Any CPU
		{860259C7-33E0-4910-B7F0-415524F5A51C}.Debug|x64.Build.0 = Debug|Any CPU
		{860259C7-33E0-4910-B7F0-415524F5A51C}.Debug|Any CPU.ActiveCfg = Debug|Any CPU
		{860259C7-33E0-4910-B7F0-415524F5A51C}.Debug|Any CPU.Build.0 = Debug|Any CPU
		{860259C7-33E0-4910-B7F0-415524F5A51C}.Debug|x86.ActiveCfg = Debug|Any CPU
		{860259C7-33E0-4910-B7F0-415524F5A51C}.Debug|x86.Build.0 = Debug|Any CPU
		{860259C7-33E0-4910-B7F0-415524F5A51C}.Release|x64.ActiveCfg = Release|Any CPU
		{860259C7-33E0-4910-B7F0-415524F5A51C}.Release|x64.Build.0 = Release|Any CPU
		{860259C7-33E0-4910-B7F0-415524F5A51C}.Release|Any CPU.ActiveCfg = Release|Any CPU
		{860259C7-33E0-4910-B7F0-415524F5A51C}.Release|Any CPU.Build.0 = Release|Any CPU
		{860259C7-33E0-4910-B7F0-415524F5A51C}.Release|x86.ActiveCfg = Release|Any CPU
		{860259C7-33E0-4910-B7F0-415524F5A51C}.Release|x86.Build.0 = Release|Any CPU
		{5C7BA179-4620-49E5-B76F-4FE2537F899D}.Debug|x64.ActiveCfg = Debug|Any CPU
		{5C7BA179-4620-49E5-B76F-4FE2537F899D}.Debug|x64.Build.0 = Debug|Any CPU
		{5C7BA179-4620-49E5-B76F-4FE2537F899D}.Debug|Any CPU.ActiveCfg = Debug|Any CPU
		{5C7BA179-4620-49E5-B76F-4FE2537F899D}.Debug|Any CPU.Build.0 = Debug|Any CPU
		{5C7BA179-4620-49E5-B76F-4FE2537F899D}.Debug|x86.ActiveCfg = Debug|Any CPU
		{5C7BA179-4620-49E5-B76F-4FE2537F899D}.Debug|x86.Build.0 = Debug|Any CPU
		{5C7BA179-4620-49E5-B76F-4FE2537F899D}.Release|x64.ActiveCfg = Release|Any CPU
		{5C7BA179-4620-49E5-B76F-4FE2537F899D}.Release|x64.Build.0 = Release|Any CPU
		{5C7BA179-4620-49E5-B76F-4FE2537F899D}.Release|Any CPU.ActiveCfg = Release|Any CPU
		{5C7BA179-4620-49E5-B76F-4FE2537F899D}.Release|Any CPU.Build.0 = Release|Any CPU
		{5C7BA179-4620-49E5-B76F-4FE2537F899D}.Release|x86.ActiveCfg = Release|Any CPU
		{5C7BA179-4620-49E5-B76F-4FE2537F899D}.Release|x86.Build.0 = Release|Any CPU
		{2C337AD2-9E15-4E57-BF62-15CD4E33614E}.Debug|x64.ActiveCfg = Debug|Any CPU
		{2C337AD2-9E15-4E57-BF62-15CD4E33614E}.Debug|x64.Build.0 = Debug|Any CPU
		{2C337AD2-9E15-4E57-BF62-15CD4E33614E}.Debug|Any CPU.ActiveCfg = Debug|Any CPU
		{2C337AD2-9E15-4E57-BF62-15CD4E33614E}.Debug|Any CPU.Build.0 = Debug|Any CPU
		{2C337AD2-9E15-4E57-BF62-15CD4E33614E}.Debug|x86.ActiveCfg = Debug|Any CPU
		{2C337AD2-9E15-4E57-BF62-15CD4E33614E}.Debug|x86.Build.0 = Debug|Any CPU
		{2C337AD2-9E15-4E57-BF62-15CD4E33614E}.Release|x64.ActiveCfg = Release|Any CPU
		{2C337AD2-9E15-4E57-BF62-15CD4E33614E}.Release|x64.Build.0 = Release|Any CPU
		{2C337AD2-9E15-4E57-BF62-15CD4E33614E}.Release|Any CPU.ActiveCfg = Release|Any CPU
		{2C337AD2-9E15-4E57-BF62-15CD4E33614E}.Release|Any CPU.Build.0 = Release|Any CPU
		{2C337AD2-9E15-4E57-BF62-15CD4E33614E}.Release|x86.ActiveCfg = Release|Any CPU
		{2C337AD2-9E15-4E57-BF62-15CD4E33614E}.Release|x86.Build.0 = Release|Any CPU
	EndGlobalSection
	GlobalSection(SolutionProperties) = preSolution
		HideSolutionNode = FALSE
	EndGlobalSection
	GlobalSection(NestedProjects) = preSolution
		{860259C7-33E0-4910-B7F0-415524F5A51C} = {A0000000-0000-0000-0000-000000000002}
		{5C7BA179-4620-49E5-B76F-4FE2537F899D} = {A0000000-0000-0000-0000-000000000001}
		{2C337AD2-9E15-4E57-BF62-15CD4E33614E} = {A0000000-0000-0000-0000-000000000002}
	EndGlobalSection
EndGlobal
